
Microsoft Visual Studio Solution File, Format Version 12.00
# Visual Studio Version 16
VisualStudioVersion = 16.0.31702.278
MinimumVisualStudioVersion = 10.0.40219.1
Project("{FAE04EC0-301F-11D3-BF4B-00C04F79EFBC}") = "SGClubRaqueta_MGI", "SGClubRaqueta_MGI\SGClubRaqueta_MGI.csproj", "{EA98B087-A38C-4E0F-9496-3923758B379E}"
EndProject
Global
	GlobalSection(SolutionConfigurationPlatforms) = preSolution
		Debug|Any CPU = Debug|Any CPU
		Release|Any CPU = Release|Any CPU
	EndGlobalSection
	GlobalSection(ProjectConfigurationPlatforms) = postSolution
		{EA98B087-A38C-4E0F-9496-3923758B379E}.Debug|Any CPU.ActiveCfg = Debug|Any CPU
		{EA98B087-A38C-4E0F-9496-3923758B379E}.Debug|Any CPU.Build.0 = Debug|Any CPU
		{EA98B087-A38C-4E0F-9496-3923758B379E}.Release|Any CPU.ActiveCfg = Release|Any CPU
		{EA98B087-A38C-4E0F-9496-3923758B379E}.Release|Any CPU.Build.0 = Release|Any CPU
	EndGlobalSection
	GlobalSection(SolutionProperties) = preSolution
		HideSolutionNode = FALSE
	EndGlobalSection
	GlobalSection(ExtensibilityGlobals) = postSolution
		SolutionGuid = {C63FC735-A228-40E2-BEEF-DBF1EBA9BD5B}
	EndGlobalSection
EndGlobal
